// !$*UTF8*$!
{
	archiveVersion = 1;
	classes = {
	};
	objectVersion = 55;
	objects = {

/* Begin PBXBuildFile section */
		D0AF2EFF287C16AC008D63D8 /* StatusLabel.swift in Sources */ = {isa = PBXBuildFile; fileRef = D0AF2EFE287C16AC008D63D8 /* StatusLabel.swift */; };
		D0AF2F01287C1B26008D63D8 /* StackView Extention.swift in Sources */ = {isa = PBXBuildFile; fileRef = D0AF2F00287C1B26008D63D8 /* StackView Extention.swift */; };
		D0AF2F03287C1CA5008D63D8 /* MailTextField.swift in Sources */ = {isa = PBXBuildFile; fileRef = D0AF2F02287C1CA5008D63D8 /* MailTextField.swift */; };
		D0AF2F05287C2E55008D63D8 /* VefiricationButton.swift in Sources */ = {isa = PBXBuildFile; fileRef = D0AF2F04287C2E55008D63D8 /* VefiricationButton.swift */; };
		D0AF2F07287C3B90008D63D8 /* MailsCollectionView.swift in Sources */ = {isa = PBXBuildFile; fileRef = D0AF2F06287C3B90008D63D8 /* MailsCollectionView.swift */; };
		D0AF2F0A287C3D62008D63D8 /* MailCollectionViewCell.swift in Sources */ = {isa = PBXBuildFile; fileRef = D0AF2F09287C3D62008D63D8 /* MailCollectionViewCell.swift */; };
		D0E66AB32863312F005DB6BD /* AppDelegate.swift in Sources */ = {isa = PBXBuildFile; fileRef = D0E66AB22863312F005DB6BD /* AppDelegate.swift */; };
		D0E66AB52863312F005DB6BD /* SceneDelegate.swift in Sources */ = {isa = PBXBuildFile; fileRef = D0E66AB42863312F005DB6BD /* SceneDelegate.swift */; };
		D0E66AB72863312F005DB6BD /* ValhallaVerificationViewController.swift in Sources */ = {isa = PBXBuildFile; fileRef = D0E66AB62863312F005DB6BD /* ValhallaVerificationViewController.swift */; };
		D0E66ABC28633134005DB6BD /* Assets.xcassets in Resources */ = {isa = PBXBuildFile; fileRef = D0E66ABB28633134005DB6BD /* Assets.xcassets */; };
		D0E66ABF28633134005DB6BD /* LaunchScreen.storyboard in Resources */ = {isa = PBXBuildFile; fileRef = D0E66ABD28633134005DB6BD /* LaunchScreen.storyboard */; };
/* End PBXBuildFile section */

/* Begin PBXFileReference section */
		D0AF2EFE287C16AC008D63D8 /* StatusLabel.swift */ = {isa = PBXFileReference; lastKnownFileType = sourcecode.swift; path = StatusLabel.swift; sourceTree = "<group>"; };
		D0AF2F00287C1B26008D63D8 /* StackView Extention.swift */ = {isa = PBXFileReference; lastKnownFileType = sourcecode.swift; path = "StackView Extention.swift"; sourceTree = "<group>"; };
		D0AF2F02287C1CA5008D63D8 /* MailTextField.swift */ = {isa = PBXFileReference; lastKnownFileType = sourcecode.swift; path = MailTextField.swift; sourceTree = "<group>"; };
		D0AF2F04287C2E55008D63D8 /* VefiricationButton.swift */ = {isa = PBXFileReference; lastKnownFileType = sourcecode.swift; path = VefiricationButton.swift; sourceTree = "<group>"; };
		D0AF2F06287C3B90008D63D8 /* MailsCollectionView.swift */ = {isa = PBXFileReference; lastKnownFileType = sourcecode.swift; path = MailsCollectionView.swift; sourceTree = "<group>"; };
		D0AF2F09287C3D62008D63D8 /* MailCollectionViewCell.swift */ = {isa = PBXFileReference; lastKnownFileType = sourcecode.swift; path = MailCollectionViewCell.swift; sourceTree = "<group>"; };
		D0E66AAF2863312F005DB6BD /* MailVerification.app */ = {isa = PBXFileReference; explicitFileType = wrapper.application; includeInIndex = 0; path = MailVerification.app; sourceTree = BUILT_PRODUCTS_DIR; };
		D0E66AB22863312F005DB6BD /* AppDelegate.swift */ = {isa = PBXFileReference; lastKnownFileType = sourcecode.swift; path = AppDelegate.swift; sourceTree = "<group>"; };
		D0E66AB42863312F005DB6BD /* SceneDelegate.swift */ = {isa = PBXFileReference; lastKnownFileType = sourcecode.swift; path = SceneDelegate.swift; sourceTree = "<group>"; };
		D0E66AB62863312F005DB6BD /* ValhallaVerificationViewController.swift */ = {isa = PBXFileReference; lastKnownFileType = sourcecode.swift; path = ValhallaVerificationViewController.swift; sourceTree = "<group>"; };
		D0E66ABB28633134005DB6BD /* Assets.xcassets */ = {isa = PBXFileReference; lastKnownFileType = folder.assetcatalog; path = Assets.xcassets; sourceTree = "<group>"; };
		D0E66ABE28633134005DB6BD /* Base */ = {isa = PBXFileReference; lastKnownFileType = file.storyboard; name = Base; path = Base.lproj/LaunchScreen.storyboard; sourceTree = "<group>"; };
		D0E66AC028633134005DB6BD /* Info.plist */ = {isa = PBXFileReference; lastKnownFileType = text.plist.xml; path = Info.plist; sourceTree = "<group>"; };
/* End PBXFileReference section */

/* Begin PBXFrameworksBuildPhase section */
		D0E66AAC2863312F005DB6BD /* Frameworks */ = {
			isa = PBXFrameworksBuildPhase;
			buildActionMask = 2147483647;
			files = (
			);
			runOnlyForDeploymentPostprocessing = 0;
		};
/* End PBXFrameworksBuildPhase section */

/* Begin PBXGroup section */
		D0AF2EF9287C10DE008D63D8 /* Controllers */ = {
			isa = PBXGroup;
			children = (
				D0E66AB62863312F005DB6BD /* ValhallaVerificationViewController.swift */,
			);
			path = Controllers;
			sourceTree = "<group>";
		};
		D0AF2EFA287C10EC008D63D8 /* View */ = {
			isa = PBXGroup;
			children = (
				D0AF2F08287C3D50008D63D8 /* Cells */,
				D0AF2EFE287C16AC008D63D8 /* StatusLabel.swift */,
				D0AF2F02287C1CA5008D63D8 /* MailTextField.swift */,
				D0AF2F04287C2E55008D63D8 /* VefiricationButton.swift */,
				D0AF2F06287C3B90008D63D8 /* MailsCollectionView.swift */,
			);
			path = View;
			sourceTree = "<group>";
		};
		D0AF2EFB287C10F9008D63D8 /* Model */ = {
			isa = PBXGroup;
			children = (
			);
			path = Model;
			sourceTree = "<group>";
		};
		D0AF2EFC287C1102008D63D8 /* Extentions */ = {
			isa = PBXGroup;
			children = (
				D0AF2EFD287C110C008D63D8 /* UIKit */,
			);
			path = Extentions;
			sourceTree = "<group>";
		};
		D0AF2EFD287C110C008D63D8 /* UIKit */ = {
			isa = PBXGroup;
			children = (
				D0AF2F00287C1B26008D63D8 /* StackView Extention.swift */,
			);
			path = UIKit;
			sourceTree = "<group>";
		};
		D0AF2F08287C3D50008D63D8 /* Cells */ = {
			isa = PBXGroup;
			children = (
				D0AF2F09287C3D62008D63D8 /* MailCollectionViewCell.swift */,
			);
			path = Cells;
			sourceTree = "<group>";
		};
		D0E66AA62863312F005DB6BD = {
			isa = PBXGroup;
			children = (
				D0E66AB12863312F005DB6BD /* MailVerification */,
				D0E66AB02863312F005DB6BD /* Products */,
			);
			sourceTree = "<group>";
		};
		D0E66AB02863312F005DB6BD /* Products */ = {
			isa = PBXGroup;
			children = (
				D0E66AAF2863312F005DB6BD /* MailVerification.app */,
			);
			name = Products;
			sourceTree = "<group>";
		};
		D0E66AB12863312F005DB6BD /* MailVerification */ = {
			isa = PBXGroup;
			children = (
				D0E66AB22863312F005DB6BD /* AppDelegate.swift */,
				D0E66AB42863312F005DB6BD /* SceneDelegate.swift */,
				D0AF2EFB287C10F9008D63D8 /* Model */,
				D0AF2EFA287C10EC008D63D8 /* View */,
				D0AF2EF9287C10DE008D63D8 /* Controllers */,
				D0AF2EFC287C1102008D63D8 /* Extentions */,
				D0E66ABB28633134005DB6BD /* Assets.xcassets */,
				D0E66ABD28633134005DB6BD /* LaunchScreen.storyboard */,
				D0E66AC028633134005DB6BD /* Info.plist */,
			);
			path = MailVerification;
			sourceTree = "<group>";
		};
/* End PBXGroup section */

/* Begin PBXNativeTarget section */
		D0E66AAE2863312F005DB6BD /* MailVerification */ = {
			isa = PBXNativeTarget;
			buildConfigurationList = D0E66AC328633134005DB6BD /* Build configuration list for PBXNativeTarget "MailVerification" */;
			buildPhases = (
				D0E66AAB2863312F005DB6BD /* Sources */,
				D0E66AAC2863312F005DB6BD /* Frameworks */,
				D0E66AAD2863312F005DB6BD /* Resources */,
			);
			buildRules = (
			);
			dependencies = (
			);
			name = MailVerification;
			productName = MailVerification;
			productReference = D0E66AAF2863312F005DB6BD /* MailVerification.app */;
			productType = "com.apple.product-type.application";
		};
/* End PBXNativeTarget section */

/* Begin PBXProject section */
		D0E66AA72863312F005DB6BD /* Project object */ = {
			isa = PBXProject;
			attributes = {
				BuildIndependentTargetsInParallel = 1;
				LastSwiftUpdateCheck = 1340;
				LastUpgradeCheck = 1340;
				TargetAttributes = {
					D0E66AAE2863312F005DB6BD = {
						CreatedOnToolsVersion = 13.4.1;
					};
				};
			};
			buildConfigurationList = D0E66AAA2863312F005DB6BD /* Build configuration list for PBXProject "MailVerification" */;
			compatibilityVersion = "Xcode 13.0";
			developmentRegion = en;
			hasScannedForEncodings = 0;
			knownRegions = (
				en,
				Base,
			);
			mainGroup = D0E66AA62863312F005DB6BD;
			productRefGroup = D0E66AB02863312F005DB6BD /* Products */;
			projectDirPath = "";
			projectRoot = "";
			targets = (
				D0E66AAE2863312F005DB6BD /* MailVerification */,
			);
		};
/* End PBXProject section */

/* Begin PBXResourcesBuildPhase section */
		D0E66AAD2863312F005DB6BD /* Resources */ = {
			isa = PBXResourcesBuildPhase;
			buildActionMask = 2147483647;
			files = (
				D0E66ABF28633134005DB6BD /* LaunchScreen.storyboard in Resources */,
				D0E66ABC28633134005DB6BD /* Assets.xcassets in Resources */,
			);
			runOnlyForDeploymentPostprocessing = 0;
		};
/* End PBXResourcesBuildPhase section */

/* Begin PBXSourcesBuildPhase section */
		D0E66AAB2863312F005DB6BD /* Sources */ = {
			isa = PBXSourcesBuildPhase;
			buildActionMask = 2147483647;
			files = (
				D0AF2F05287C2E55008D63D8 /* VefiricationButton.swift in Sources */,
				D0AF2F0A287C3D62008D63D8 /* MailCollectionViewCell.swift in Sources */,
				D0AF2F07287C3B90008D63D8 /* MailsCollectionView.swift in Sources */,
				D0AF2EFF287C16AC008D63D8 /* StatusLabel.swift in Sources */,
				D0AF2F01287C1B26008D63D8 /* StackView Extention.swift in Sources */,
				D0AF2F03287C1CA5008D63D8 /* MailTextField.swift in Sources */,
				D0E66AB72863312F005DB6BD /* ValhallaVerificationViewController.swift in Sources */,
				D0E66AB32863312F005DB6BD /* AppDelegate.swift in Sources */,
				D0E66AB52863312F005DB6BD /* SceneDelegate.swift in Sources */,
			);
			runOnlyForDeploymentPostprocessing = 0;
		};
/* End PBXSourcesBuildPhase section */

/* Begin PBXVariantGroup section */
		D0E66ABD28633134005DB6BD /* LaunchScreen.storyboard */ = {
			isa = PBXVariantGroup;
			children = (
				D0E66ABE28633134005DB6BD /* Base */,
			);
			name = LaunchScreen.storyboard;
			sourceTree = "<group>";
		};
/* End PBXVariantGroup section */

/* Begin XCBuildConfiguration section */
		D0E66AC128633134005DB6BD /* Debug */ = {
			isa = XCBuildConfiguration;
			buildSettings = {
				ALWAYS_SEARCH_USER_PATHS = NO;
				CLANG_ANALYZER_NONNULL = YES;
				CLANG_ANALYZER_NUMBER_OBJECT_CONVERSION = YES_AGGRESSIVE;
				CLANG_CXX_LANGUAGE_STANDARD = "gnu++17";
				CLANG_ENABLE_MODULES = YES;
				CLANG_ENABLE_OBJC_ARC = YES;
				CLANG_ENABLE_OBJC_WEAK = YES;
				CLANG_WARN_BLOCK_CAPTURE_AUTORELEASING = YES;
				CLANG_WARN_BOOL_CONVERSION = YES;
				CLANG_WARN_COMMA = YES;
				CLANG_WARN_CONSTANT_CONVERSION = YES;
				CLANG_WARN_DEPRECATED_OBJC_IMPLEMENTATIONS = YES;
				CLANG_WARN_DIRECT_OBJC_ISA_USAGE = YES_ERROR;
				CLANG_WARN_DOCUMENTATION_COMMENTS = YES;
				CLANG_WARN_EMPTY_BODY = YES;
				CLANG_WARN_ENUM_CONVERSION = YES;
				CLANG_WARN_INFINITE_RECURSION = YES;
				CLANG_WARN_INT_CONVERSION = YES;
				CLANG_WARN_NON_LITERAL_NULL_CONVERSION = YES;
				CLANG_WARN_OBJC_IMPLICIT_RETAIN_SELF = YES;
				CLANG_WARN_OBJC_LITERAL_CONVERSION = YES;
				CLANG_WARN_OBJC_ROOT_CLASS = YES_ERROR;
				CLANG_WARN_QUOTED_INCLUDE_IN_FRAMEWORK_HEADER = YES;
				CLANG_WARN_RANGE_LOOP_ANALYSIS = YES;
				CLANG_WARN_STRICT_PROTOTYPES = YES;
				CLANG_WARN_SUSPICIOUS_MOVE = YES;
				CLANG_WARN_UNGUARDED_AVAILABILITY = YES_AGGRESSIVE;
				CLANG_WARN_UNREACHABLE_CODE = YES;
				CLANG_WARN__DUPLICATE_METHOD_MATCH = YES;
				COPY_PHASE_STRIP = NO;
				DEBUG_INFORMATION_FORMAT = dwarf;
				ENABLE_STRICT_OBJC_MSGSEND = YES;
				ENABLE_TESTABILITY = YES;
				GCC_C_LANGUAGE_STANDARD = gnu11;
				GCC_DYNAMIC_NO_PIC = NO;
				GCC_NO_COMMON_BLOCKS = YES;
				GCC_OPTIMIZATION_LEVEL = 0;
				GCC_PREPROCESSOR_DEFINITIONS = (
					"DEBUG=1",
					"$(inherited)",
				);
				GCC_WARN_64_TO_32_BIT_CONVERSION = YES;
				GCC_WARN_ABOUT_RETURN_TYPE = YES_ERROR;
				GCC_WARN_UNDECLARED_SELECTOR = YES;
				GCC_WARN_UNINITIALIZED_AUTOS = YES_AGGRESSIVE;
				GCC_WARN_UNUSED_FUNCTION = YES;
				GCC_WARN_UNUSED_VARIABLE = YES;
				IPHONEOS_DEPLOYMENT_TARGET = 14.0;
				MTL_ENABLE_DEBUG_INFO = INCLUDE_SOURCE;
				MTL_FAST_MATH = YES;
				ONLY_ACTIVE_ARCH = YES;
				SDKROOT = iphoneos;
				SWIFT_ACTIVE_COMPILATION_CONDITIONS = DEBUG;
				SWIFT_OPTIMIZATION_LEVEL = "-Onone";
			};
			name = Debug;
		};
		D0E66AC228633134005DB6BD /* Release */ = {
			isa = XCBuildConfiguration;
			buildSettings = {
				ALWAYS_SEARCH_USER_PATHS = NO;
				CLANG_ANALYZER_NONNULL = YES;
				CLANG_ANALYZER_NUMBER_OBJECT_CONVERSION = YES_AGGRESSIVE;
				CLANG_CXX_LANGUAGE_STANDARD = "gnu++17";
				CLANG_ENABLE_MODULES = YES;
				CLANG_ENABLE_OBJC_ARC = YES;
				CLANG_ENABLE_OBJC_WEAK = YES;
				CLANG_WARN_BLOCK_CAPTURE_AUTORELEASING = YES;
				CLANG_WARN_BOOL_CONVERSION = YES;
				CLANG_WARN_COMMA = YES;
				CLANG_WARN_CONSTANT_CONVERSION = YES;
				CLANG_WARN_DEPRECATED_OBJC_IMPLEMENTATIONS = YES;
				CLANG_WARN_DIRECT_OBJC_ISA_USAGE = YES_ERROR;
				CLANG_WARN_DOCUMENTATION_COMMENTS = YES;
				CLANG_WARN_EMPTY_BODY = YES;
				CLANG_WARN_ENUM_CONVERSION = YES;
				CLANG_WARN_INFINITE_RECURSION = YES;
				CLANG_WARN_INT_CONVERSION = YES;
				CLANG_WARN_NON_LITERAL_NULL_CONVERSION = YES;
				CLANG_WARN_OBJC_IMPLICIT_RETAIN_SELF = YES;
				CLANG_WARN_OBJC_LITERAL_CONVERSION = YES;
				CLANG_WARN_OBJC_ROOT_CLASS = YES_ERROR;
				CLANG_WARN_QUOTED_INCLUDE_IN_FRAMEWORK_HEADER = YES;
				CLANG_WARN_RANGE_LOOP_ANALYSIS = YES;
				CLANG_WARN_STRICT_PROTOTYPES = YES;
				CLANG_WARN_SUSPICIOUS_MOVE = YES;
				CLANG_WARN_UNGUARDED_AVAILABILITY = YES_AGGRESSIVE;
				CLANG_WARN_UNREACHABLE_CODE = YES;
				CLANG_WARN__DUPLICATE_METHOD_MATCH = YES;
				COPY_PHASE_STRIP = NO;
				DEBUG_INFORMATION_FORMAT = "dwarf-with-dsym";
				ENABLE_NS_ASSERTIONS = NO;
				ENABLE_STRICT_OBJC_MSGSEND = YES;
				GCC_C_LANGUAGE_STANDARD = gnu11;
				GCC_NO_COMMON_BLOCKS = YES;
				GCC_WARN_64_TO_32_BIT_CONVERSION = YES;
				GCC_WARN_ABOUT_RETURN_TYPE = YES_ERROR;
				GCC_WARN_UNDECLARED_SELECTOR = YES;
				GCC_WARN_UNINITIALIZED_AUTOS = YES_AGGRESSIVE;
				GCC_WARN_UNUSED_FUNCTION = YES;
				GCC_WARN_UNUSED_VARIABLE = YES;
				IPHONEOS_DEPLOYMENT_TARGET = 14.0;
				MTL_ENABLE_DEBUG_INFO = NO;
				MTL_FAST_MATH = YES;
				SDKROOT = iphoneos;
				SWIFT_COMPILATION_MODE = wholemodule;
				SWIFT_OPTIMIZATION_LEVEL = "-O";
				VALIDATE_PRODUCT = YES;
			};
			name = Release;
		};
		D0E66AC428633134005DB6BD /* Debug */ = {
			isa = XCBuildConfiguration;
			buildSettings = {
				ASSETCATALOG_COMPILER_APPICON_NAME = AppIcon;
				ASSETCATALOG_COMPILER_GLOBAL_ACCENT_COLOR_NAME = AccentColor;
				CODE_SIGN_STYLE = Automatic;
				CURRENT_PROJECT_VERSION = 1;
				DEVELOPMENT_TEAM = 2S52Q5VDX5;
				GENERATE_INFOPLIST_FILE = YES;
				INFOPLIST_FILE = MailVerification/Info.plist;
				INFOPLIST_KEY_UIApplicationSupportsIndirectInputEvents = YES;
				INFOPLIST_KEY_UILaunchStoryboardName = LaunchScreen;
				INFOPLIST_KEY_UISupportedInterfaceOrientations_iPad = "UIInterfaceOrientationPortrait UIInterfaceOrientationPortraitUpsideDown UIInterfaceOrientationLandscapeLeft UIInterfaceOrientationLandscapeRight";
				INFOPLIST_KEY_UISupportedInterfaceOrientations_iPhone = "UIInterfaceOrientationPortrait UIInterfaceOrientationLandscapeLeft UIInterfaceOrientationLandscapeRight";
				IPHONEOS_DEPLOYMENT_TARGET = 14.0;
				LD_RUNPATH_SEARCH_PATHS = (
					"$(inherited)",
					"@executable_path/Frameworks",
				);
				MARKETING_VERSION = 1.0;
				PRODUCT_BUNDLE_IDENTIFIER = com.a.pride.MailVerification;
				PRODUCT_NAME = "$(TARGET_NAME)";
				SWIFT_EMIT_LOC_STRINGS = YES;
				SWIFT_VERSION = 5.0;
				TARGETED_DEVICE_FAMILY = 1;
			};
			name = Debug;
		};
		D0E66AC528633134005DB6BD /* Release */ = {
			isa = XCBuildConfiguration;
			buildSettings = {
				ASSETCATALOG_COMPILER_APPICON_NAME = AppIcon;
				ASSETCATALOG_COMPILER_GLOBAL_ACCENT_COLOR_NAME = AccentColor;
				CODE_SIGN_STYLE = Automatic;
				CURRENT_PROJECT_VERSION = 1;
				DEVELOPMENT_TEAM = 2S52Q5VDX5;
				GENERATE_INFOPLIST_FILE = YES;
				INFOPLIST_FILE = MailVerification/Info.plist;
				INFOPLIST_KEY_UIApplicationSupportsIndirectInputEvents = YES;
				INFOPLIST_KEY_UILaunchStoryboardName = LaunchScreen;
				INFOPLIST_KEY_UISupportedInterfaceOrientations_iPad = "UIInterfaceOrientationPortrait UIInterfaceOrientationPortraitUpsideDown UIInterfaceOrientationLandscapeLeft UIInterfaceOrientationLandscapeRight";
				INFOPLIST_KEY_UISupportedInterfaceOrientations_iPhone = "UIInterfaceOrientationPortrait UIInterfaceOrientationLandscapeLeft UIInterfaceOrientationLandscapeRight";
				IPHONEOS_DEPLOYMENT_TARGET = 14.0;
				LD_RUNPATH_SEARCH_PATHS = (
					"$(inherited)",
					"@executable_path/Frameworks",
				);
				MARKETING_VERSION = 1.0;
				PRODUCT_BUNDLE_IDENTIFIER = com.a.pride.MailVerification;
				PRODUCT_NAME = "$(TARGET_NAME)";
				SWIFT_EMIT_LOC_STRINGS = YES;
				SWIFT_VERSION = 5.0;
				TARGETED_DEVICE_FAMILY = 1;
			};
			name = Release;
		};
/* End XCBuildConfiguration section */

/* Begin XCConfigurationList section */
		D0E66AAA2863312F005DB6BD /* Build configuration list for PBXProject "MailVerification" */ = {
			isa = XCConfigurationList;
			buildConfigurations = (
				D0E66AC128633134005DB6BD /* Debug */,
				D0E66AC228633134005DB6BD /* Release */,
			);
			defaultConfigurationIsVisible = 0;
			defaultConfigurationName = Release;
		};
		D0E66AC328633134005DB6BD /* Build configuration list for PBXNativeTarget "MailVerification" */ = {
			isa = XCConfigurationList;
			buildConfigurations = (
				D0E66AC428633134005DB6BD /* Debug */,
				D0E66AC528633134005DB6BD /* Release */,
			);
			defaultConfigurationIsVisible = 0;
			defaultConfigurationName = Release;
		};
/* End XCConfigurationList section */
	};
	rootObject = D0E66AA72863312F005DB6BD /* Project object */;
}
